
Microsoft Visual Studio Solution File, Format Version 12.00
# Visual Studio Version 16
VisualStudioVersion = 16.0.30804.86
MinimumVisualStudioVersion = 10.0.40219.1
Project("{2150E333-8FDC-42A3-9474-1A3956D46DE8}") = "src", "src", "{4B6D6C02-0A08-486F-88A3-4666C45A31A5}"
EndProject
Project("{2150E333-8FDC-42A3-9474-1A3956D46DE8}") = "tests", "tests", "{CF9A9E1B-E9E8-4FA8-9DCC-69B924D77EC8}"
EndProject
Project("{2150E333-8FDC-42A3-9474-1A3956D46DE8}") = "Application", "Application", "{18CD7598-1A79-4247-A75D-645A85D47E26}"
EndProject
Project("{2150E333-8FDC-42A3-9474-1A3956D46DE8}") = "Domain", "Domain", "{16ABD8CD-91E8-40B1-91E8-5FEA5A2C0C6F}"
EndProject
Project("{2150E333-8FDC-42A3-9474-1A3956D46DE8}") = "Infrastructure", "Infrastructure", "{21D9C517-0C53-458A-9127-71A11CB62886}"
EndProject
Project("{2150E333-8FDC-42A3-9474-1A3956D46DE8}") = "Presentation", "Presentation", "{28504DE1-5D32-4F0F-B7A4-400904128C94}"
EndProject
Project("{2150E333-8FDC-42A3-9474-1A3956D46DE8}") = "CommonLibraries", "CommonLibraries", "{354E02B0-F73F-4B26-8294-2ABC715CEF3D}"
EndProject
Project("{2150E333-8FDC-42A3-9474-1A3956D46DE8}") = "SharedLibraries", "SharedLibraries", "{B8B74FDD-5653-4A10-9B86-9909E94DA62E}"
EndProject
Project("{9A19103F-16F7-4668-BE54-9A1E7A4F7556}") = "MS2Project.Common", "src\MS2Project.Common\MS2Project.Common.csproj", "{A322EA11-944E-4C55-A16E-73B70F45C6C8}"
EndProject
Project("{9A19103F-16F7-4668-BE54-9A1E7A4F7556}") = "MS2Project.Domain", "src\MS2Project.Domain\MS2Project.Domain.csproj", "{7A42EC3F-F4FB-418C-AAB7-67563617566F}"
EndProject
Project("{9A19103F-16F7-4668-BE54-9A1E7A4F7556}") = "MS2Project.Application", "src\MS2Project.Application\MS2Project.Application.csproj", "{12647FF1-6203-42EC-8A1B-CA1C96321835}"
EndProject
Project("{2150E333-8FDC-42A3-9474-1A3956D46DE8}") = "API", "API", "{F8C07C2C-295B-41E3-9E40-7DF2CBC74371}"
EndProject
Project("{FAE04EC0-301F-11D3-BF4B-00C04F79EFBC}") = "MS2Project.Domain.Core", "src\MS2Project.Domain.Core\MS2Project.Domain.Core.csproj", "{EFC29085-7F3E-41C0-B961-38B0D102F26D}"
EndProject
Project("{FAE04EC0-301F-11D3-BF4B-00C04F79EFBC}") = "MS2Project.Infrastructure", "src\MS2Project.Infrastructure\MS2Project.Infrastructure.csproj", "{BD2034DF-555D-4ECF-838D-F2EB751FF3E9}"
EndProject
Global
	GlobalSection(SolutionConfigurationPlatforms) = preSolution
		Debug|Any CPU = Debug|Any CPU
		Release|Any CPU = Release|Any CPU
	EndGlobalSection
	GlobalSection(ProjectConfigurationPlatforms) = postSolution
		{A322EA11-944E-4C55-A16E-73B70F45C6C8}.Debug|Any CPU.ActiveCfg = Debug|Any CPU
		{A322EA11-944E-4C55-A16E-73B70F45C6C8}.Debug|Any CPU.Build.0 = Debug|Any CPU
		{A322EA11-944E-4C55-A16E-73B70F45C6C8}.Release|Any CPU.ActiveCfg = Release|Any CPU
		{A322EA11-944E-4C55-A16E-73B70F45C6C8}.Release|Any CPU.Build.0 = Release|Any CPU
		{7A42EC3F-F4FB-418C-AAB7-67563617566F}.Debug|Any CPU.ActiveCfg = Debug|Any CPU
		{7A42EC3F-F4FB-418C-AAB7-67563617566F}.Debug|Any CPU.Build.0 = Debug|Any CPU
		{7A42EC3F-F4FB-418C-AAB7-67563617566F}.Release|Any CPU.ActiveCfg = Release|Any CPU
		{7A42EC3F-F4FB-418C-AAB7-67563617566F}.Release|Any CPU.Build.0 = Release|Any CPU
		{12647FF1-6203-42EC-8A1B-CA1C96321835}.Debug|Any CPU.ActiveCfg = Debug|Any CPU
		{12647FF1-6203-42EC-8A1B-CA1C96321835}.Debug|Any CPU.Build.0 = Debug|Any CPU
		{12647FF1-6203-42EC-8A1B-CA1C96321835}.Release|Any CPU.ActiveCfg = Release|Any CPU
		{12647FF1-6203-42EC-8A1B-CA1C96321835}.Release|Any CPU.Build.0 = Release|Any CPU
		{EFC29085-7F3E-41C0-B961-38B0D102F26D}.Debug|Any CPU.ActiveCfg = Debug|Any CPU
		{EFC29085-7F3E-41C0-B961-38B0D102F26D}.Debug|Any CPU.Build.0 = Debug|Any CPU
		{EFC29085-7F3E-41C0-B961-38B0D102F26D}.Release|Any CPU.ActiveCfg = Release|Any CPU
		{EFC29085-7F3E-41C0-B961-38B0D102F26D}.Release|Any CPU.Build.0 = Release|Any CPU
		{BD2034DF-555D-4ECF-838D-F2EB751FF3E9}.Debug|Any CPU.ActiveCfg = Debug|Any CPU
		{BD2034DF-555D-4ECF-838D-F2EB751FF3E9}.Debug|Any CPU.Build.0 = Debug|Any CPU
		{BD2034DF-555D-4ECF-838D-F2EB751FF3E9}.Release|Any CPU.ActiveCfg = Release|Any CPU
		{BD2034DF-555D-4ECF-838D-F2EB751FF3E9}.Release|Any CPU.Build.0 = Release|Any CPU
	EndGlobalSection
	GlobalSection(SolutionProperties) = preSolution
		HideSolutionNode = FALSE
	EndGlobalSection
	GlobalSection(NestedProjects) = preSolution
		{18CD7598-1A79-4247-A75D-645A85D47E26} = {4B6D6C02-0A08-486F-88A3-4666C45A31A5}
		{16ABD8CD-91E8-40B1-91E8-5FEA5A2C0C6F} = {4B6D6C02-0A08-486F-88A3-4666C45A31A5}
		{21D9C517-0C53-458A-9127-71A11CB62886} = {4B6D6C02-0A08-486F-88A3-4666C45A31A5}
		{28504DE1-5D32-4F0F-B7A4-400904128C94} = {4B6D6C02-0A08-486F-88A3-4666C45A31A5}
		{354E02B0-F73F-4B26-8294-2ABC715CEF3D} = {4B6D6C02-0A08-486F-88A3-4666C45A31A5}
		{B8B74FDD-5653-4A10-9B86-9909E94DA62E} = {354E02B0-F73F-4B26-8294-2ABC715CEF3D}
		{A322EA11-944E-4C55-A16E-73B70F45C6C8} = {354E02B0-F73F-4B26-8294-2ABC715CEF3D}
		{7A42EC3F-F4FB-418C-AAB7-67563617566F} = {16ABD8CD-91E8-40B1-91E8-5FEA5A2C0C6F}
		{12647FF1-6203-42EC-8A1B-CA1C96321835} = {18CD7598-1A79-4247-A75D-645A85D47E26}
		{F8C07C2C-295B-41E3-9E40-7DF2CBC74371} = {28504DE1-5D32-4F0F-B7A4-400904128C94}
		{EFC29085-7F3E-41C0-B961-38B0D102F26D} = {16ABD8CD-91E8-40B1-91E8-5FEA5A2C0C6F}
		{BD2034DF-555D-4ECF-838D-F2EB751FF3E9} = {21D9C517-0C53-458A-9127-71A11CB62886}
	EndGlobalSection
	GlobalSection(ExtensibilityGlobals) = postSolution
		SolutionGuid = {2AC3D95F-A5FD-48B3-A447-BBB12D4BD183}
	EndGlobalSection
EndGlobal
